// !$*UTF8*$!
{
	archiveVersion = 1;
	classes = {
	};
	objectVersion = 50;
	objects = {

/* Begin PBXBuildFile section */
		3649094D2474229C000D83ED /* Print.cpp in Sources */ = {isa = PBXBuildFile; fileRef = 3649094B2474229C000D83ED /* Print.cpp */; };
		36490950247422DA000D83ED /* Tree.cpp in Sources */ = {isa = PBXBuildFile; fileRef = 3649094E247422DA000D83ED /* Tree.cpp */; };
		3649095324742317000D83ED /* Object.cpp in Sources */ = {isa = PBXBuildFile; fileRef = 3649095124742317000D83ED /* Object.cpp */; };
		3649095624742344000D83ED /* Dialog.cpp in Sources */ = {isa = PBXBuildFile; fileRef = 3649095424742344000D83ED /* Dialog.cpp */; };
		3649097E24756107000D83ED /* Magazin.cpp in Sources */ = {isa = PBXBuildFile; fileRef = 3649097C24756107000D83ED /* Magazin.cpp */; };
		365E8949247284880016950A /* main.cpp in Sources */ = {isa = PBXBuildFile; fileRef = 365E8948247284880016950A /* main.cpp */; };
/* End PBXBuildFile section */

/* Begin PBXCopyFilesBuildPhase section */
		365E8943247284880016950A /* CopyFiles */ = {
			isa = PBXCopyFilesBuildPhase;
			buildActionMask = 2147483647;
			dstPath = /usr/share/man/man1/;
			dstSubfolderSpec = 0;
			files = (
			);
			runOnlyForDeploymentPostprocessing = 1;
		};
/* End PBXCopyFilesBuildPhase section */

/* Begin PBXFileReference section */
		3649094B2474229C000D83ED /* Print.cpp */ = {isa = PBXFileReference; lastKnownFileType = sourcecode.cpp.cpp; path = Print.cpp; sourceTree = "<group>"; };
		3649094C2474229C000D83ED /* Print.hpp */ = {isa = PBXFileReference; lastKnownFileType = sourcecode.cpp.h; path = Print.hpp; sourceTree = "<group>"; };
		3649094E247422DA000D83ED /* Tree.cpp */ = {isa = PBXFileReference; lastKnownFileType = sourcecode.cpp.cpp; path = Tree.cpp; sourceTree = "<group>"; };
		3649094F247422DA000D83ED /* Tree.hpp */ = {isa = PBXFileReference; lastKnownFileType = sourcecode.cpp.h; path = Tree.hpp; sourceTree = "<group>"; };
		3649095124742317000D83ED /* Object.cpp */ = {isa = PBXFileReference; lastKnownFileType = sourcecode.cpp.cpp; path = Object.cpp; sourceTree = "<group>"; };
		3649095224742317000D83ED /* Object.hpp */ = {isa = PBXFileReference; lastKnownFileType = sourcecode.cpp.h; path = Object.hpp; sourceTree = "<group>"; };
		3649095424742344000D83ED /* Dialog.cpp */ = {isa = PBXFileReference; lastKnownFileType = sourcecode.cpp.cpp; path = Dialog.cpp; sourceTree = "<group>"; };
		3649095524742344000D83ED /* Dialog.hpp */ = {isa = PBXFileReference; lastKnownFileType = sourcecode.cpp.h; path = Dialog.hpp; sourceTree = "<group>"; };
		3649095824742374000D83ED /* Event.hpp */ = {isa = PBXFileReference; lastKnownFileType = sourcecode.cpp.h; path = Event.hpp; sourceTree = "<group>"; };
		3649097C24756107000D83ED /* Magazin.cpp */ = {isa = PBXFileReference; lastKnownFileType = sourcecode.cpp.cpp; path = Magazin.cpp; sourceTree = "<group>"; };
		3649097D24756107000D83ED /* Magazin.hpp */ = {isa = PBXFileReference; lastKnownFileType = sourcecode.cpp.h; path = Magazin.hpp; sourceTree = "<group>"; };
		365E8945247284880016950A /* LR25 */ = {isa = PBXFileReference; explicitFileType = "compiled.mach-o.executable"; includeInIndex = 0; path = LR25; sourceTree = BUILT_PRODUCTS_DIR; };
		365E8948247284880016950A /* main.cpp */ = {isa = PBXFileReference; lastKnownFileType = sourcecode.cpp.cpp; path = main.cpp; sourceTree = "<group>"; };
/* End PBXFileReference section */

/* Begin PBXFrameworksBuildPhase section */
		365E8942247284880016950A /* Frameworks */ = {
			isa = PBXFrameworksBuildPhase;
			buildActionMask = 2147483647;
			files = (
			);
			runOnlyForDeploymentPostprocessing = 0;
		};
/* End PBXFrameworksBuildPhase section */

/* Begin PBXGroup section */
		365E893C247284880016950A = {
			isa = PBXGroup;
			children = (
				365E8947247284880016950A /* LR25 */,
				365E8946247284880016950A /* Products */,
			);
			sourceTree = "<group>";
		};
		365E8946247284880016950A /* Products */ = {
			isa = PBXGroup;
			children = (
				365E8945247284880016950A /* LR25 */,
			);
			name = Products;
			sourceTree = "<group>";
		};
		365E8947247284880016950A /* LR25 */ = {
			isa = PBXGroup;
			children = (
				365E8948247284880016950A /* main.cpp */,
				3649097C24756107000D83ED /* Magazin.cpp */,
				3649097D24756107000D83ED /* Magazin.hpp */,
				3649095824742374000D83ED /* Event.hpp */,
				3649095424742344000D83ED /* Dialog.cpp */,
				3649095524742344000D83ED /* Dialog.hpp */,
				3649095124742317000D83ED /* Object.cpp */,
				3649095224742317000D83ED /* Object.hpp */,
				3649094E247422DA000D83ED /* Tree.cpp */,
				3649094F247422DA000D83ED /* Tree.hpp */,
				3649094B2474229C000D83ED /* Print.cpp */,
				3649094C2474229C000D83ED /* Print.hpp */,
			);
			path = LR25;
			sourceTree = "<group>";
		};
/* End PBXGroup section */

/* Begin PBXNativeTarget section */
		365E8944247284880016950A /* LR25 */ = {
			isa = PBXNativeTarget;
			buildConfigurationList = 365E894C247284880016950A /* Build configuration list for PBXNativeTarget "LR25" */;
			buildPhases = (
				365E8941247284880016950A /* Sources */,
				365E8942247284880016950A /* Frameworks */,
				365E8943247284880016950A /* CopyFiles */,
			);
			buildRules = (
			);
			dependencies = (
			);
			name = LR25;
			productName = LR25;
			productReference = 365E8945247284880016950A /* LR25 */;
			productType = "com.apple.product-type.tool";
		};
/* End PBXNativeTarget section */

/* Begin PBXProject section */
		365E893D247284880016950A /* Project object */ = {
			isa = PBXProject;
			attributes = {
				LastUpgradeCheck = 1140;
				ORGANIZATIONNAME = "Полина";
				TargetAttributes = {
					365E8944247284880016950A = {
						CreatedOnToolsVersion = 11.4.1;
					};
				};
			};
			buildConfigurationList = 365E8940247284880016950A /* Build configuration list for PBXProject "LR25" */;
			compatibilityVersion = "Xcode 9.3";
			developmentRegion = en;
			hasScannedForEncodings = 0;
			knownRegions = (
				en,
				Base,
			);
			mainGroup = 365E893C247284880016950A;
			productRefGroup = 365E8946247284880016950A /* Products */;
			projectDirPath = "";
			projectRoot = "";
			targets = (
				365E8944247284880016950A /* LR25 */,
			);
		};
/* End PBXProject section */

/* Begin PBXSourcesBuildPhase section */
		365E8941247284880016950A /* Sources */ = {
			isa = PBXSourcesBuildPhase;
			buildActionMask = 2147483647;
			files = (
				3649094D2474229C000D83ED /* Print.cpp in Sources */,
				3649097E24756107000D83ED /* Magazin.cpp in Sources */,
				3649095624742344000D83ED /* Dialog.cpp in Sources */,
				36490950247422DA000D83ED /* Tree.cpp in Sources */,
				365E8949247284880016950A /* main.cpp in Sources */,
				3649095324742317000D83ED /* Object.cpp in Sources */,
			);
			runOnlyForDeploymentPostprocessing = 0;
		};
/* End PBXSourcesBuildPhase section */

/* Begin XCBuildConfiguration section */
		365E894A247284880016950A /* Debug */ = {
			isa = XCBuildConfiguration;
			buildSettings = {
				ALWAYS_SEARCH_USER_PATHS = NO;
				CLANG_ANALYZER_NONNULL = YES;
				CLANG_ANALYZER_NUMBER_OBJECT_CONVERSION = YES_AGGRESSIVE;
				CLANG_CXX_LANGUAGE_STANDARD = "gnu++14";
				CLANG_CXX_LIBRARY = "libc++";
				CLANG_ENABLE_MODULES = YES;
				CLANG_ENABLE_OBJC_ARC = YES;
				CLANG_ENABLE_OBJC_WEAK = YES;
				CLANG_WARN_BLOCK_CAPTURE_AUTORELEASING = YES;
				CLANG_WARN_BOOL_CONVERSION = YES;
				CLANG_WARN_COMMA = YES;
				CLANG_WARN_CONSTANT_CONVERSION = YES;
				CLANG_WARN_DEPRECATED_OBJC_IMPLEMENTATIONS = YES;
				CLANG_WARN_DIRECT_OBJC_ISA_USAGE = YES_ERROR;
				CLANG_WARN_DOCUMENTATION_COMMENTS = YES;
				CLANG_WARN_EMPTY_BODY = YES;
				CLANG_WARN_ENUM_CONVERSION = YES;
				CLANG_WARN_INFINITE_RECURSION = YES;
				CLANG_WARN_INT_CONVERSION = YES;
				CLANG_WARN_NON_LITERAL_NULL_CONVERSION = YES;
				CLANG_WARN_OBJC_IMPLICIT_RETAIN_SELF = YES;
				CLANG_WARN_OBJC_LITERAL_CONVERSION = YES;
				CLANG_WARN_OBJC_ROOT_CLASS = YES_ERROR;
				CLANG_WARN_RANGE_LOOP_ANALYSIS = YES;
				CLANG_WARN_STRICT_PROTOTYPES = YES;
				CLANG_WARN_SUSPICIOUS_MOVE = YES;
				CLANG_WARN_UNGUARDED_AVAILABILITY = YES_AGGRESSIVE;
				CLANG_WARN_UNREACHABLE_CODE = YES;
				CLANG_WARN__DUPLICATE_METHOD_MATCH = YES;
				COPY_PHASE_STRIP = NO;
				DEBUG_INFORMATION_FORMAT = dwarf;
				ENABLE_STRICT_OBJC_MSGSEND = YES;
				ENABLE_TESTABILITY = YES;
				GCC_C_LANGUAGE_STANDARD = gnu11;
				GCC_DYNAMIC_NO_PIC = NO;
				GCC_NO_COMMON_BLOCKS = YES;
				GCC_OPTIMIZATION_LEVEL = 0;
				GCC_PREPROCESSOR_DEFINITIONS = (
					"DEBUG=1",
					"$(inherited)",
				);
				GCC_WARN_64_TO_32_BIT_CONVERSION = YES;
				GCC_WARN_ABOUT_RETURN_TYPE = YES_ERROR;
				GCC_WARN_UNDECLARED_SELECTOR = YES;
				GCC_WARN_UNINITIALIZED_AUTOS = YES_AGGRESSIVE;
				GCC_WARN_UNUSED_FUNCTION = YES;
				GCC_WARN_UNUSED_VARIABLE = YES;
				MACOSX_DEPLOYMENT_TARGET = 10.15;
				MTL_ENABLE_DEBUG_INFO = INCLUDE_SOURCE;
				MTL_FAST_MATH = YES;
				ONLY_ACTIVE_ARCH = YES;
				SDKROOT = macosx;
			};
			name = Debug;
		};
		365E894B247284880016950A /* Release */ = {
			isa = XCBuildConfiguration;
			buildSettings = {
				ALWAYS_SEARCH_USER_PATHS = NO;
				CLANG_ANALYZER_NONNULL = YES;
				CLANG_ANALYZER_NUMBER_OBJECT_CONVERSION = YES_AGGRESSIVE;
				CLANG_CXX_LANGUAGE_STANDARD = "gnu++14";
				CLANG_CXX_LIBRARY = "libc++";
				CLANG_ENABLE_MODULES = YES;
				CLANG_ENABLE_OBJC_ARC = YES;
				CLANG_ENABLE_OBJC_WEAK = YES;
				CLANG_WARN_BLOCK_CAPTURE_AUTORELEASING = YES;
				CLANG_WARN_BOOL_CONVERSION = YES;
				CLANG_WARN_COMMA = YES;
				CLANG_WARN_CONSTANT_CONVERSION = YES;
				CLANG_WARN_DEPRECATED_OBJC_IMPLEMENTATIONS = YES;
				CLANG_WARN_DIRECT_OBJC_ISA_USAGE = YES_ERROR;
				CLANG_WARN_DOCUMENTATION_COMMENTS = YES;
				CLANG_WARN_EMPTY_BODY = YES;
				CLANG_WARN_ENUM_CONVERSION = YES;
				CLANG_WARN_INFINITE_RECURSION = YES;
				CLANG_WARN_INT_CONVERSION = YES;
				CLANG_WARN_NON_LITERAL_NULL_CONVERSION = YES;
				CLANG_WARN_OBJC_IMPLICIT_RETAIN_SELF = YES;
				CLANG_WARN_OBJC_LITERAL_CONVERSION = YES;
				CLANG_WARN_OBJC_ROOT_CLASS = YES_ERROR;
				CLANG_WARN_RANGE_LOOP_ANALYSIS = YES;
				CLANG_WARN_STRICT_PROTOTYPES = YES;
				CLANG_WARN_SUSPICIOUS_MOVE = YES;
				CLANG_WARN_UNGUARDED_AVAILABILITY = YES_AGGRESSIVE;
				CLANG_WARN_UNREACHABLE_CODE = YES;
				CLANG_WARN__DUPLICATE_METHOD_MATCH = YES;
				COPY_PHASE_STRIP = NO;
				DEBUG_INFORMATION_FORMAT = "dwarf-with-dsym";
				ENABLE_NS_ASSERTIONS = NO;
				ENABLE_STRICT_OBJC_MSGSEND = YES;
				GCC_C_LANGUAGE_STANDARD = gnu11;
				GCC_NO_COMMON_BLOCKS = YES;
				GCC_WARN_64_TO_32_BIT_CONVERSION = YES;
				GCC_WARN_ABOUT_RETURN_TYPE = YES_ERROR;
				GCC_WARN_UNDECLARED_SELECTOR = YES;
				GCC_WARN_UNINITIALIZED_AUTOS = YES_AGGRESSIVE;
				GCC_WARN_UNUSED_FUNCTION = YES;
				GCC_WARN_UNUSED_VARIABLE = YES;
				MACOSX_DEPLOYMENT_TARGET = 10.15;
				MTL_ENABLE_DEBUG_INFO = NO;
				MTL_FAST_MATH = YES;
				SDKROOT = macosx;
			};
			name = Release;
		};
		365E894D247284880016950A /* Debug */ = {
			isa = XCBuildConfiguration;
			buildSettings = {
				CODE_SIGN_STYLE = Automatic;
				PRODUCT_NAME = "$(TARGET_NAME)";
			};
			name = Debug;
		};
		365E894E247284880016950A /* Release */ = {
			isa = XCBuildConfiguration;
			buildSettings = {
				CODE_SIGN_STYLE = Automatic;
				PRODUCT_NAME = "$(TARGET_NAME)";
			};
			name = Release;
		};
/* End XCBuildConfiguration section */

/* Begin XCConfigurationList section */
		365E8940247284880016950A /* Build configuration list for PBXProject "LR25" */ = {
			isa = XCConfigurationList;
			buildConfigurations = (
				365E894A247284880016950A /* Debug */,
				365E894B247284880016950A /* Release */,
			);
			defaultConfigurationIsVisible = 0;
			defaultConfigurationName = Release;
		};
		365E894C247284880016950A /* Build configuration list for PBXNativeTarget "LR25" */ = {
			isa = XCConfigurationList;
			buildConfigurations = (
				365E894D247284880016950A /* Debug */,
				365E894E247284880016950A /* Release */,
			);
			defaultConfigurationIsVisible = 0;
			defaultConfigurationName = Release;
		};
/* End XCConfigurationList section */
	};
	rootObject = 365E893D247284880016950A /* Project object */;
}
